// !$*UTF8*$!
{
	archiveVersion = 1;
	classes = {
	};
	objectVersion = 56;
	objects = {

/* Begin PBXBuildFile section */
		9AEDF6A12022CB9FEAD8AD1A /* GameSession.swift in Sources */ = {isa = PBXBuildFile; fileRef = 8B4D8F969D08F5398B379BC3 /* GameSession.swift */; };
		45A9EB4E3E924C572E352D28 /* HighScoresView.swift in Sources */ = {isa = PBXBuildFile; fileRef = D9DBC28E3579231DC1FCFD4B /* HighScoresView.swift */; };
		D87F6D6A44939F7275C24F23 /* HudChrome.swift in Sources */ = {isa = PBXBuildFile; fileRef = 8FA139AC5EAE9BEE9E03B44C /* HudChrome.swift */; };
		B86EA14028FBC90DFDBAB0D8 /* JourneyMapView.swift in Sources */ = {isa = PBXBuildFile; fileRef = 1A837B3027E02E529D54B2E9 /* JourneyMapView.swift */; };
		0698F1EC3408FAF7B8206394 /* JourneyProgress.swift in Sources */ = {isa = PBXBuildFile; fileRef = AE284E9C2D2EA4ED6CC2F8AD /* JourneyProgress.swift */; };
		387E4C9D3C2773B32778E1D6 /* LogbookProgress.swift in Sources */ = {isa = PBXBuildFile; fileRef = 03725D373B92D3A81A621CB7 /* LogbookProgress.swift */; };
		57522F4EA1FAEE0C484E7F26 /* LogbookView.swift in Sources */ = {isa = PBXBuildFile; fileRef = 1214CFA3FC1ED1CE5E2EA394 /* LogbookView.swift */; };
		228B857F37213D6A8F22B458 /* LoreView.swift in Sources */ = {isa = PBXBuildFile; fileRef = B67BC9E89402CCE9ECA03A16 /* LoreView.swift */; };
		A71D52CFF0F57BD8876CC481 /* PlayContainerView.swift in Sources */ = {isa = PBXBuildFile; fileRef = F8731093D35B65890AC3B94D /* PlayContainerView.swift */; };
		76B30FA206C69BBABB6F0E50 /* RootView.swift in Sources */ = {isa = PBXBuildFile; fileRef = 1F2C40BA6C5A4E305B4E6B12 /* RootView.swift */; };
		1D5AADD774FE9B5A34BE940D /* SettingsStore.swift in Sources */ = {isa = PBXBuildFile; fileRef = 81B78C3CBC76324FAFD2BE4C /* SettingsStore.swift */; };
		57DEF2C27678FDDC5BF3B49B /* ShellChrome.swift in Sources */ = {isa = PBXBuildFile; fileRef = 91EF4487AD20665DDAEBF98F /* ShellChrome.swift */; };
		A8650AF697A4A1EA13560A97 /* ShipPickerView.swift in Sources */ = {isa = PBXBuildFile; fileRef = 2D5D3E7364B3AEE86362AF9D /* ShipPickerView.swift */; };
		0C422989A581B715E79E0B7D /* SubmitScoreView.swift in Sources */ = {isa = PBXBuildFile; fileRef = B06FE9F51F1D236A8CB30308 /* SubmitScoreView.swift */; };
		C9464BE156D2949BC72778EA /* GameAudioSession.swift in Sources */ = {isa = PBXBuildFile; fileRef = B552E4E28B52F7F536B45C50 /* GameAudioSession.swift */; };
		AA6253922C82E114A08F96A6 /* HapticsService.swift in Sources */ = {isa = PBXBuildFile; fileRef = A387EF898151927984771A73 /* HapticsService.swift */; };
		972FC16FEAAE1DC4F9438E96 /* MusicPlayer.swift in Sources */ = {isa = PBXBuildFile; fileRef = E9BA70A150419A4AB36C6777 /* MusicPlayer.swift */; };
		EFE745DA4075261482F299F9 /* SfxPlayer.swift in Sources */ = {isa = PBXBuildFile; fileRef = 9EEFD56E50FD27D345126C2E /* SfxPlayer.swift */; };
		666DC768E71D2000B62DF5C0 /* VoicePlayer.swift in Sources */ = {isa = PBXBuildFile; fileRef = BA7186B18F3FBD7B8CEF1EE4 /* VoicePlayer.swift */; };
		83167330DF37E41F6CC3BF2D /* BrandType.swift in Sources */ = {isa = PBXBuildFile; fileRef = AC21AD8621FC6186FEF98E79 /* BrandType.swift */; };
		276519B04400881558B3FD9C /* CopyBank.swift in Sources */ = {isa = PBXBuildFile; fileRef = 0B19E3A07C7916B4007E8E0C /* CopyBank.swift */; };
		4A319F5374A235778FC3D43B /* BrandColors.swift in Sources */ = {isa = PBXBuildFile; fileRef = C6EA96BFCECAE6E841B49379 /* BrandColors.swift */; };
		0E10BBEF02CB137E7C6858C9 /* FixedStepSimulator.swift in Sources */ = {isa = PBXBuildFile; fileRef = 8F074AE096BE5B92769FA492 /* FixedStepSimulator.swift */; };
		C4AF55705D2EB5771D427307 /* FramePacingMonitor.swift in Sources */ = {isa = PBXBuildFile; fileRef = C680DE1D2E9D0A52140D7847 /* FramePacingMonitor.swift */; };
		44DA51F240B9A608BC47A84E /* GameConfig.swift in Sources */ = {isa = PBXBuildFile; fileRef = 6A886B9C134FE88D37B990C7 /* GameConfig.swift */; };
		844A9BD8467FB92A8B2D5F9E /* GeneratedJourneyData.swift in Sources */ = {isa = PBXBuildFile; fileRef = C92BD8675A04394000750555 /* GeneratedJourneyData.swift */; };
		F333921A6C6E71D5DEB96D94 /* JourneyConfig.swift in Sources */ = {isa = PBXBuildFile; fileRef = 959FF83B7DE02EDE3EC8F455 /* JourneyConfig.swift */; };
		EF88BA81CDF6E85BFB66F42A /* RunProfile.swift in Sources */ = {isa = PBXBuildFile; fileRef = C8E0F735C720F0F3A9011E17 /* RunProfile.swift */; };
		D573C8A863FDFE1BF358F8FE /* SkinCatalog.swift in Sources */ = {isa = PBXBuildFile; fileRef = EC76A2BA5E819E3790D06EC6 /* SkinCatalog.swift */; };
		74A8A627E67F859E9B14028C /* InputService.swift in Sources */ = {isa = PBXBuildFile; fileRef = F90419B24548F3DDF98C2E7E /* InputService.swift */; };
		C05DAB3B91F8482E9BC52541 /* BakePipeline.swift in Sources */ = {isa = PBXBuildFile; fileRef = AC91D803627C8826BAD1FB84 /* BakePipeline.swift */; };
		92E79CE004698D4DA2B5BC83 /* ClassicHullPaint.swift in Sources */ = {isa = PBXBuildFile; fileRef = A4E9BDB4F10C5E20D5CB87DB /* ClassicHullPaint.swift */; };
		2A9DBDAF543C0FF583B54C7F /* ClassicMarkWakes.swift in Sources */ = {isa = PBXBuildFile; fileRef = C79E1E492D2D66EEDAA3D0C5 /* ClassicMarkWakes.swift */; };
		92720FF7303BB172088EC616 /* ClassicRibbonWakes.swift in Sources */ = {isa = PBXBuildFile; fileRef = 326BAA025A09833C954AB507 /* ClassicRibbonWakes.swift */; };
		1951A766F47C28770063B167 /* DotTrailField.swift in Sources */ = {isa = PBXBuildFile; fileRef = 4BC6A7CB1F9AB22DDD03BA3C /* DotTrailField.swift */; };
		3644335780904EE6C2565370 /* EmberHullTexture.swift in Sources */ = {isa = PBXBuildFile; fileRef = D11C8938F3E181C834518A1E /* EmberHullTexture.swift */; };
		67F3A2A2369239049433ED8C /* FilamentWake.swift in Sources */ = {isa = PBXBuildFile; fileRef = A72236B59DF3D6E4C9BD6DAC /* FilamentWake.swift */; };
		94049FACB6E460C54D82E02D /* FlickerHullTexture.swift in Sources */ = {isa = PBXBuildFile; fileRef = 5B5C5C5EB5E34A7E9CC87E59 /* FlickerHullTexture.swift */; };
		6CC58E4F323B613FC4059927 /* FocusHullTexture.swift in Sources */ = {isa = PBXBuildFile; fileRef = 8B1F87CDBF2878FCB1110BBF /* FocusHullTexture.swift */; };
		CFC0FBE38A875674E06B94D3 /* HairlineTrailNode.swift in Sources */ = {isa = PBXBuildFile; fileRef = DE63D3C30F03D30BDE964423 /* HairlineTrailNode.swift */; };
		C66BA21269DA41FEC8E8C279 /* HullPaths.swift in Sources */ = {isa = PBXBuildFile; fileRef = 2D76F3DFEFEEEA56723C1AC2 /* HullPaths.swift */; };
		E134506DAF588F71E8647326 /* LiveHullCanvas.swift in Sources */ = {isa = PBXBuildFile; fileRef = 461C0310AC4F6BDE768929D5 /* LiveHullCanvas.swift */; };
		6167CD750B9F2D600CFE199E /* LiveHullNode.swift in Sources */ = {isa = PBXBuildFile; fileRef = B1AE86AA443D77F5496AC1B0 /* LiveHullNode.swift */; };
		4FE69ED5713DE12B691424A0 /* LiveHullPaint.swift in Sources */ = {isa = PBXBuildFile; fileRef = 0B8D430D136115325582D7AB /* LiveHullPaint.swift */; };
		A54FABDAB8590F267AB57AAA /* ParticleWakeField.swift in Sources */ = {isa = PBXBuildFile; fileRef = 4C1A28A938DFEA8932A3FFDD /* ParticleWakeField.swift */; };
		CF973DDF21359D870F91BC09 /* PlayScene.swift in Sources */ = {isa = PBXBuildFile; fileRef = 628FF1116246728150EFF6C1 /* PlayScene.swift */; };
		A197844A9AF883F56B77E7D9 /* PooledSpriteField.swift in Sources */ = {isa = PBXBuildFile; fileRef = 6D9C2266E5757995489D1B37 /* PooledSpriteField.swift */; };
		D77FEF9E8E583C3779B852DC /* PopupField.swift in Sources */ = {isa = PBXBuildFile; fileRef = C78C3E515B75F5AFACA0EA5F /* PopupField.swift */; };
		C9F250C2F610CFB2C8BAB077 /* PreviewWakePaint.swift in Sources */ = {isa = PBXBuildFile; fileRef = 79154F051600D3126EA7B3B2 /* PreviewWakePaint.swift */; };
		5B55374460EAAF96F24A25F1 /* RainbowRibbonNode.swift in Sources */ = {isa = PBXBuildFile; fileRef = D070E474B470DF4731D50D19 /* RainbowRibbonNode.swift */; };
		5056154C4223CC2B0BBAC40D /* RibbonTrailNode.swift in Sources */ = {isa = PBXBuildFile; fileRef = E3E76E4E12F12A36B4EF70AD /* RibbonTrailNode.swift */; };
		F52302FDE0B33FD919AB762A /* SaberHullTexture.swift in Sources */ = {isa = PBXBuildFile; fileRef = E3AD9345F1A7506F51F10FA8 /* SaberHullTexture.swift */; };
		90B594154F188E79ED1DC7D3 /* SaberTrailNode.swift in Sources */ = {isa = PBXBuildFile; fileRef = A08F1AACEAD1F7302665377C /* SaberTrailNode.swift */; };
		82658C7EA71442A9ED181262 /* SkinRenderer.swift in Sources */ = {isa = PBXBuildFile; fileRef = 3E62F68A8A80B0CA06540743 /* SkinRenderer.swift */; };
		20773CE070F51E806CC34006 /* SkinTrail.swift in Sources */ = {isa = PBXBuildFile; fileRef = 4C86E4D305ADA4093E92B15C /* SkinTrail.swift */; };
		DD6570AA5878F2930B4B32E8 /* StreakField.swift in Sources */ = {isa = PBXBuildFile; fileRef = 3086DB2DBDE0437D9FB98867 /* StreakField.swift */; };
		78CC8D4D444F7D23344968F3 /* StreakTrailField.swift in Sources */ = {isa = PBXBuildFile; fileRef = 0BF3EE09BC0A83E1CCD6B9EB /* StreakTrailField.swift */; };
		E656B9BE30013B640C35B1E9 /* TwinDotTrailField.swift in Sources */ = {isa = PBXBuildFile; fileRef = C9CD26352D9E9BF57EF5F93F /* TwinDotTrailField.swift */; };
		0D874E47B27BCE72D6FFB126 /* WakeCollect.swift in Sources */ = {isa = PBXBuildFile; fileRef = 100BA74C1B5068784167B2C7 /* WakeCollect.swift */; };
		15D94F104AC4143594E1512C /* WhimsicalWakes.swift in Sources */ = {isa = PBXBuildFile; fileRef = D0DEFEAF0418D32247A35E79 /* WhimsicalWakes.swift */; };
		69BFA1F2CE13B96E27EEB212 /* Analytics.swift in Sources */ = {isa = PBXBuildFile; fileRef = 663AB0D637752E2E501C054E /* Analytics.swift */; };
		43365925BDAC80BF14F25256 /* NameFilter.swift in Sources */ = {isa = PBXBuildFile; fileRef = EE02F61DEB13889396A5CF40 /* NameFilter.swift */; };
		88C1215844106C8E02B6C338 /* ScoreService.swift in Sources */ = {isa = PBXBuildFile; fileRef = 4CF2A213E6AE42A2E237F47E /* ScoreService.swift */; };
		87F05DD3CEBC401F70208036 /* CinemaSimulator.swift in Sources */ = {isa = PBXBuildFile; fileRef = 5842A5443CE0BBB83DE597D9 /* CinemaSimulator.swift */; };
		5C2B17832616CD38CD93CEED /* CinematicFlight.swift in Sources */ = {isa = PBXBuildFile; fileRef = DECBDDDE316344C763EADABE /* CinematicFlight.swift */; };
		EC602C1D0AEFE1B5419EFD70 /* CombatParity.swift in Sources */ = {isa = PBXBuildFile; fileRef = A5B4487A50892B18E56E9252 /* CombatParity.swift */; };
		578C9A7D63FB784D94CAA42D /* CombatSimulator.swift in Sources */ = {isa = PBXBuildFile; fileRef = 7029C3E4F6EB6C97A5F1D611 /* CombatSimulator.swift */; };
		0405605E5D39FE9723F9C203 /* FloatPopup.swift in Sources */ = {isa = PBXBuildFile; fileRef = B22F7DD72D5CE35B970A8A40 /* FloatPopup.swift */; };
		B8770DBFAFA9F3A4584BA7B0 /* HazardCollision.swift in Sources */ = {isa = PBXBuildFile; fileRef = 0871048511B16134F49F6AC5 /* HazardCollision.swift */; };
		DA5811F7E62306EC265C7C22 /* ObstacleState.swift in Sources */ = {isa = PBXBuildFile; fileRef = 14D2C43869B699798FD0DFC5 /* ObstacleState.swift */; };
		DC4BAFF0320792C69EEE8ECF /* ShipHitbox.swift in Sources */ = {isa = PBXBuildFile; fileRef = 08E968961A2E34B9F89BCDDE /* ShipHitbox.swift */; };
		E3338132D651209A056FE981 /* ShipSimulator.swift in Sources */ = {isa = PBXBuildFile; fileRef = 394B4BABF977D9B915F6D5C5 /* ShipSimulator.swift */; };
		F06122FCF81DEBA9DFDF67CC /* TrailRingBuffer.swift in Sources */ = {isa = PBXBuildFile; fileRef = 0BDA3D967612F47FA382CB20 /* TrailRingBuffer.swift */; };
		88E18631C63742802E1DF8C7 /* WallJelly.swift in Sources */ = {isa = PBXBuildFile; fileRef = 9B844881344C2CA52B89178C /* WallJelly.swift */; };
		1DA440AFA3BE0ED2B88D320C /* WorldState.swift in Sources */ = {isa = PBXBuildFile; fileRef = 082D090C673D6BD3BAE36892 /* WorldState.swift */; };
		091BE23C010931EE6C4F761E /* SpaceSwooshApp.swift in Sources */ = {isa = PBXBuildFile; fileRef = 49B46362F53342EC376D581E /* SpaceSwooshApp.swift */; };
		630079499D908838C6A12464 /* Assets.xcassets in Resources */ = {isa = PBXBuildFile; fileRef = 32BB636196F91ED59D7A4919 /* Assets.xcassets */; };
		C3A67159B8F8D98B6A20BAD7 /* PrivacyInfo.xcprivacy in Resources */ = {isa = PBXBuildFile; fileRef = 5D52EF9D75FAE68006CE0775 /* PrivacyInfo.xcprivacy */; };
		E6F11AD28494E4EC3AE48B05 /* GoogleService-Info.plist in Resources */ = {isa = PBXBuildFile; fileRef = 4A8052E7A4903C84E5D39FF9 /* GoogleService-Info.plist */; };
		D394EA9CF61472467E5BBB2B /* FirebaseAnalyticsWithoutAdIdSupport in Frameworks */ = {isa = PBXBuildFile; productRef = 939A688E2826165CEE753B1E /* FirebaseAnalyticsWithoutAdIdSupport */; };
		4C7EEAAAAF9364D664F23B74 /* background.mp3 in Resources */ = {isa = PBXBuildFile; fileRef = 04E4CF0498F47FCE691777EF /* background.mp3 */; };
		B08AA9A9A4E896C9C5B0AD12 /* crash.mp3 in Resources */ = {isa = PBXBuildFile; fileRef = 0FE5527F72ADEF15677E5651 /* crash.mp3 */; };
		43500B02C66488807B05B133 /* crash_with_shield.mp3 in Resources */ = {isa = PBXBuildFile; fileRef = 51B5D45C50CE884B69EF2732 /* crash_with_shield.mp3 */; };
		B95FAC1CDF18116221820286 /* first-boop.mp3 in Resources */ = {isa = PBXBuildFile; fileRef = 2D4D442D32179AD9F6647D05 /* first-boop.mp3 */; };
		D0CE2F09794787EAE9381967 /* fuel-low-1.mp3 in Resources */ = {isa = PBXBuildFile; fileRef = A454456B305E2133E35779D4 /* fuel-low-1.mp3 */; };
		D8BF8A8D9DA4FF1D72BC8273 /* fuel-low-2.mp3 in Resources */ = {isa = PBXBuildFile; fileRef = C9406E09F44124D1AB929D3C /* fuel-low-2.mp3 */; };
		BB47CAD099FF5573129B8592 /* fuel-low-3.mp3 in Resources */ = {isa = PBXBuildFile; fileRef = 9116FB1B6BB20AEB5D779E9A /* fuel-low-3.mp3 */; };
		556CD86FFD8E59E7D8C8C85D /* level-1.mp3 in Resources */ = {isa = PBXBuildFile; fileRef = A05CFF82F2F2783B40DEB35B /* level-1.mp3 */; };
		2459B479E767D4114D262849 /* level-10.mp3 in Resources */ = {isa = PBXBuildFile; fileRef = 73E2D0128588C45A1B077A5D /* level-10.mp3 */; };
		F7F8C4864F1CF1A89E8BE16F /* level-11.mp3 in Resources */ = {isa = PBXBuildFile; fileRef = 27CD586322F2B3B4011D0091 /* level-11.mp3 */; };
		19ADAF250DB90F91360457C6 /* level-12.mp3 in Resources */ = {isa = PBXBuildFile; fileRef = 2EB4AFC3D907621E7C56E4DB /* level-12.mp3 */; };
		779ACBC7E79195E215D03314 /* level-13.mp3 in Resources */ = {isa = PBXBuildFile; fileRef = D45AD4D37B0745DBDFD5FC67 /* level-13.mp3 */; };
		B7BC4380A124CE310E6D4CEE /* level-14.mp3 in Resources */ = {isa = PBXBuildFile; fileRef = E7862EFABB4A89AF48E40FA5 /* level-14.mp3 */; };
		4E76712D2D6D3C2D97771BCB /* level-15.mp3 in Resources */ = {isa = PBXBuildFile; fileRef = 856637F01056BD9B429BD173 /* level-15.mp3 */; };
		D2EC00D86C28338F893F99AE /* level-16.mp3 in Resources */ = {isa = PBXBuildFile; fileRef = 1599AEDF244B16CD10DEDDC5 /* level-16.mp3 */; };
		305B50DA561A445D045434BE /* level-17.mp3 in Resources */ = {isa = PBXBuildFile; fileRef = 719507EE0A8C9AD8BE4A99BE /* level-17.mp3 */; };
		2C008B8C56F8F2FE2741BF36 /* level-18.mp3 in Resources */ = {isa = PBXBuildFile; fileRef = D71301632D3AA3F0BDAC610A /* level-18.mp3 */; };
		92840223C9F9993392EC58A6 /* level-19.mp3 in Resources */ = {isa = PBXBuildFile; fileRef = 599723D38FBCD401F1B1DDA0 /* level-19.mp3 */; };
		F3075959AD7316A5AC8EFA44 /* level-2.mp3 in Resources */ = {isa = PBXBuildFile; fileRef = AA7319778789F238F1CC568C /* level-2.mp3 */; };
		5438792AE74942A574932481 /* level-20.mp3 in Resources */ = {isa = PBXBuildFile; fileRef = 3245AAF34B73C99A79115020 /* level-20.mp3 */; };
		07349A7878DB838A9E70B730 /* level-21.mp3 in Resources */ = {isa = PBXBuildFile; fileRef = 85C73554162A4B0F60FF23DA /* level-21.mp3 */; };
		0DE793A32113AA1E013089D5 /* level-22.mp3 in Resources */ = {isa = PBXBuildFile; fileRef = AA85B788A59F7BA8EC7F5630 /* level-22.mp3 */; };
		B62D9AA7FDE67A34BF3D617F /* level-23.mp3 in Resources */ = {isa = PBXBuildFile; fileRef = DBC6A44CC2727597C54906BC /* level-23.mp3 */; };
		961B03DAA35837369CF5CBEE /* level-24.mp3 in Resources */ = {isa = PBXBuildFile; fileRef = 4C731C3E93244277778DB5D1 /* level-24.mp3 */; };
		DEB5688C97629C8694C1BF7E /* level-25.mp3 in Resources */ = {isa = PBXBuildFile; fileRef = C9C440407782ED7D92C09B98 /* level-25.mp3 */; };
		336FFB94EE4917FEDCCF9D61 /* level-26.mp3 in Resources */ = {isa = PBXBuildFile; fileRef = F40A1DF337E4F06AB3397B58 /* level-26.mp3 */; };
		CB04472FD70A834EEB41FD5A /* level-27.mp3 in Resources */ = {isa = PBXBuildFile; fileRef = DAFD14FFF44626E3FE9C0FFA /* level-27.mp3 */; };
		DD6850B34F4B8ABFA0B745F5 /* level-28.mp3 in Resources */ = {isa = PBXBuildFile; fileRef = D91353F846DDF9239377E946 /* level-28.mp3 */; };
		53E7EDC101F9341C6A0EF51B /* level-29.mp3 in Resources */ = {isa = PBXBuildFile; fileRef = 922D3775748CE83167F730AE /* level-29.mp3 */; };
		DC7A7404A576C3A577308FA9 /* level-3.mp3 in Resources */ = {isa = PBXBuildFile; fileRef = 201DED613D57668380BED714 /* level-3.mp3 */; };
		64092E2A5994551B2917B49A /* level-30.mp3 in Resources */ = {isa = PBXBuildFile; fileRef = 826C19C78193D0877AEC8389 /* level-30.mp3 */; };
		D9CCE4005F5B033CC0822A1D /* level-31.mp3 in Resources */ = {isa = PBXBuildFile; fileRef = 924A25B5ADE2D6B8640878BE /* level-31.mp3 */; };
		619E229248407D1FE01D0EFA /* level-32.mp3 in Resources */ = {isa = PBXBuildFile; fileRef = 0EFE1B03EC7EC53569662C1C /* level-32.mp3 */; };
		D33B9BAC6454DFAC5795D844 /* level-33.mp3 in Resources */ = {isa = PBXBuildFile; fileRef = AFB978B218E1174E602C9EC8 /* level-33.mp3 */; };
		ECB9018EFB12B911D1FF3A03 /* level-34.mp3 in Resources */ = {isa = PBXBuildFile; fileRef = AF1F7E08E2CBAB9C3C3FBD19 /* level-34.mp3 */; };
		1F19E6137F5C0F14D0EB274E /* level-35.mp3 in Resources */ = {isa = PBXBuildFile; fileRef = FA8EAE590BD53FDFF150A03E /* level-35.mp3 */; };
		3B5FC3D241A30DE848D59624 /* level-36.mp3 in Resources */ = {isa = PBXBuildFile; fileRef = 172F39C680EEB7E9AC7D46DD /* level-36.mp3 */; };
		A3453DF7373808F2E5E2132D /* level-37.mp3 in Resources */ = {isa = PBXBuildFile; fileRef = 63A5BC5452B7F8AE9CDCA0ED /* level-37.mp3 */; };
		85B879562D87109E46AEA2BE /* level-38.mp3 in Resources */ = {isa = PBXBuildFile; fileRef = A8C3984D48E10B1B7C38C9B0 /* level-38.mp3 */; };
		98622AB758F50351C64A631D /* level-39.mp3 in Resources */ = {isa = PBXBuildFile; fileRef = 58AD0D64EF663A62F8668D0B /* level-39.mp3 */; };
		67BDB80250A354E1685306F8 /* level-4.mp3 in Resources */ = {isa = PBXBuildFile; fileRef = EC7EE5E0DDB6BD0A00E740CC /* level-4.mp3 */; };
		AD43C66036B56B40C608A017 /* level-40.mp3 in Resources */ = {isa = PBXBuildFile; fileRef = F1D386D3803B549CF94F95A5 /* level-40.mp3 */; };
		DB72D88A6ADF7FF6C6D37030 /* level-5.mp3 in Resources */ = {isa = PBXBuildFile; fileRef = EC7CE0EC5CC2044066CBAFA2 /* level-5.mp3 */; };
		67E597DBE4843260455D659F /* level-6.mp3 in Resources */ = {isa = PBXBuildFile; fileRef = 5D7F1E729AE239430900248C /* level-6.mp3 */; };
		23BD2A6BB9BA64763D49340A /* level-7.mp3 in Resources */ = {isa = PBXBuildFile; fileRef = 9447B817F635B5AFEDFD31CA /* level-7.mp3 */; };
		CE2A2158A362D10448875364 /* level-8.mp3 in Resources */ = {isa = PBXBuildFile; fileRef = A0E381CCCA1938230FAC4AB6 /* level-8.mp3 */; };
		F9A4A4C600A5607A4859DA61 /* level-9.mp3 in Resources */ = {isa = PBXBuildFile; fileRef = E58A8DE644B2E90AA119CFE7 /* level-9.mp3 */; };
		01B5FB914F60E1C252338298 /* shield.mp3 in Resources */ = {isa = PBXBuildFile; fileRef = E37ADA05BD016A6CFBFB4689 /* shield.mp3 */; };
		C1C68CFFEEE225CF2AA4D608 /* swoosh-voice.mp3 in Resources */ = {isa = PBXBuildFile; fileRef = 595DAC36E765EC2C271301EF /* swoosh-voice.mp3 */; };
		CEA8216B9DE1E0F3DFE465E6 /* turn.mp3 in Resources */ = {isa = PBXBuildFile; fileRef = 3432A251E54ECD860C6E5906 /* turn.mp3 */; };
		61AB6CD305A7B4AF2C57BD2F /* SpaceGrotesk-Bold.ttf in Resources */ = {isa = PBXBuildFile; fileRef = 827114B874C9BEB00130DE7A /* SpaceGrotesk-Bold.ttf */; };
		7728435FA543832829472DC2 /* SpaceGrotesk-Medium.ttf in Resources */ = {isa = PBXBuildFile; fileRef = 3F5FD29250F5F8B5730EDD7C /* SpaceGrotesk-Medium.ttf */; };
		8837165F70538C3EBF0381E7 /* SpaceMono-Bold.ttf in Resources */ = {isa = PBXBuildFile; fileRef = 4BB453354C3DCF1214B5020A /* SpaceMono-Bold.ttf */; };
		376DCDFCB29F5F84D4D78B71 /* SpaceMono-Regular.ttf in Resources */ = {isa = PBXBuildFile; fileRef = 77250E0D78DB6FD5494F928D /* SpaceMono-Regular.ttf */; };
/* End PBXBuildFile section */

/* Begin PBXFileReference section */
		71CCD365E3A654DA84DBA191 /* SpaceSwoosh.app */ = {isa = PBXFileReference; explicitFileType = wrapper.application; includeInIndex = 0; path = SpaceSwoosh.app; sourceTree = BUILT_PRODUCTS_DIR; };
		8B4D8F969D08F5398B379BC3 /* GameSession.swift */ = {isa = PBXFileReference; lastKnownFileType = sourcecode.swift; path = GameSession.swift; sourceTree = "<group>"; };
		D9DBC28E3579231DC1FCFD4B /* HighScoresView.swift */ = {isa = PBXFileReference; lastKnownFileType = sourcecode.swift; path = HighScoresView.swift; sourceTree = "<group>"; };
		8FA139AC5EAE9BEE9E03B44C /* HudChrome.swift */ = {isa = PBXFileReference; lastKnownFileType = sourcecode.swift; path = HudChrome.swift; sourceTree = "<group>"; };
		1A837B3027E02E529D54B2E9 /* JourneyMapView.swift */ = {isa = PBXFileReference; lastKnownFileType = sourcecode.swift; path = JourneyMapView.swift; sourceTree = "<group>"; };
		AE284E9C2D2EA4ED6CC2F8AD /* JourneyProgress.swift */ = {isa = PBXFileReference; lastKnownFileType = sourcecode.swift; path = JourneyProgress.swift; sourceTree = "<group>"; };
		03725D373B92D3A81A621CB7 /* LogbookProgress.swift */ = {isa = PBXFileReference; lastKnownFileType = sourcecode.swift; path = LogbookProgress.swift; sourceTree = "<group>"; };
		1214CFA3FC1ED1CE5E2EA394 /* LogbookView.swift */ = {isa = PBXFileReference; lastKnownFileType = sourcecode.swift; path = LogbookView.swift; sourceTree = "<group>"; };
		B67BC9E89402CCE9ECA03A16 /* LoreView.swift */ = {isa = PBXFileReference; lastKnownFileType = sourcecode.swift; path = LoreView.swift; sourceTree = "<group>"; };
		F8731093D35B65890AC3B94D /* PlayContainerView.swift */ = {isa = PBXFileReference; lastKnownFileType = sourcecode.swift; path = PlayContainerView.swift; sourceTree = "<group>"; };
		1F2C40BA6C5A4E305B4E6B12 /* RootView.swift */ = {isa = PBXFileReference; lastKnownFileType = sourcecode.swift; path = RootView.swift; sourceTree = "<group>"; };
		81B78C3CBC76324FAFD2BE4C /* SettingsStore.swift */ = {isa = PBXFileReference; lastKnownFileType = sourcecode.swift; path = SettingsStore.swift; sourceTree = "<group>"; };
		91EF4487AD20665DDAEBF98F /* ShellChrome.swift */ = {isa = PBXFileReference; lastKnownFileType = sourcecode.swift; path = ShellChrome.swift; sourceTree = "<group>"; };
		2D5D3E7364B3AEE86362AF9D /* ShipPickerView.swift */ = {isa = PBXFileReference; lastKnownFileType = sourcecode.swift; path = ShipPickerView.swift; sourceTree = "<group>"; };
		B06FE9F51F1D236A8CB30308 /* SubmitScoreView.swift */ = {isa = PBXFileReference; lastKnownFileType = sourcecode.swift; path = SubmitScoreView.swift; sourceTree = "<group>"; };
		B552E4E28B52F7F536B45C50 /* GameAudioSession.swift */ = {isa = PBXFileReference; lastKnownFileType = sourcecode.swift; path = GameAudioSession.swift; sourceTree = "<group>"; };
		A387EF898151927984771A73 /* HapticsService.swift */ = {isa = PBXFileReference; lastKnownFileType = sourcecode.swift; path = HapticsService.swift; sourceTree = "<group>"; };
		E9BA70A150419A4AB36C6777 /* MusicPlayer.swift */ = {isa = PBXFileReference; lastKnownFileType = sourcecode.swift; path = MusicPlayer.swift; sourceTree = "<group>"; };
		9EEFD56E50FD27D345126C2E /* SfxPlayer.swift */ = {isa = PBXFileReference; lastKnownFileType = sourcecode.swift; path = SfxPlayer.swift; sourceTree = "<group>"; };
		BA7186B18F3FBD7B8CEF1EE4 /* VoicePlayer.swift */ = {isa = PBXFileReference; lastKnownFileType = sourcecode.swift; path = VoicePlayer.swift; sourceTree = "<group>"; };
		AC21AD8621FC6186FEF98E79 /* BrandType.swift */ = {isa = PBXFileReference; lastKnownFileType = sourcecode.swift; path = BrandType.swift; sourceTree = "<group>"; };
		0B19E3A07C7916B4007E8E0C /* CopyBank.swift */ = {isa = PBXFileReference; lastKnownFileType = sourcecode.swift; path = CopyBank.swift; sourceTree = "<group>"; };
		C6EA96BFCECAE6E841B49379 /* BrandColors.swift */ = {isa = PBXFileReference; lastKnownFileType = sourcecode.swift; path = BrandColors.swift; sourceTree = "<group>"; };
		8F074AE096BE5B92769FA492 /* FixedStepSimulator.swift */ = {isa = PBXFileReference; lastKnownFileType = sourcecode.swift; path = FixedStepSimulator.swift; sourceTree = "<group>"; };
		C680DE1D2E9D0A52140D7847 /* FramePacingMonitor.swift */ = {isa = PBXFileReference; lastKnownFileType = sourcecode.swift; path = FramePacingMonitor.swift; sourceTree = "<group>"; };
		6A886B9C134FE88D37B990C7 /* GameConfig.swift */ = {isa = PBXFileReference; lastKnownFileType = sourcecode.swift; path = GameConfig.swift; sourceTree = "<group>"; };
		C92BD8675A04394000750555 /* GeneratedJourneyData.swift */ = {isa = PBXFileReference; lastKnownFileType = sourcecode.swift; path = GeneratedJourneyData.swift; sourceTree = "<group>"; };
		959FF83B7DE02EDE3EC8F455 /* JourneyConfig.swift */ = {isa = PBXFileReference; lastKnownFileType = sourcecode.swift; path = JourneyConfig.swift; sourceTree = "<group>"; };
		C8E0F735C720F0F3A9011E17 /* RunProfile.swift */ = {isa = PBXFileReference; lastKnownFileType = sourcecode.swift; path = RunProfile.swift; sourceTree = "<group>"; };
		EC76A2BA5E819E3790D06EC6 /* SkinCatalog.swift */ = {isa = PBXFileReference; lastKnownFileType = sourcecode.swift; path = SkinCatalog.swift; sourceTree = "<group>"; };
		F90419B24548F3DDF98C2E7E /* InputService.swift */ = {isa = PBXFileReference; lastKnownFileType = sourcecode.swift; path = InputService.swift; sourceTree = "<group>"; };
		AC91D803627C8826BAD1FB84 /* BakePipeline.swift */ = {isa = PBXFileReference; lastKnownFileType = sourcecode.swift; path = BakePipeline.swift; sourceTree = "<group>"; };
		A4E9BDB4F10C5E20D5CB87DB /* ClassicHullPaint.swift */ = {isa = PBXFileReference; lastKnownFileType = sourcecode.swift; path = ClassicHullPaint.swift; sourceTree = "<group>"; };
		C79E1E492D2D66EEDAA3D0C5 /* ClassicMarkWakes.swift */ = {isa = PBXFileReference; lastKnownFileType = sourcecode.swift; path = ClassicMarkWakes.swift; sourceTree = "<group>"; };
		326BAA025A09833C954AB507 /* ClassicRibbonWakes.swift */ = {isa = PBXFileReference; lastKnownFileType = sourcecode.swift; path = ClassicRibbonWakes.swift; sourceTree = "<group>"; };
		4BC6A7CB1F9AB22DDD03BA3C /* DotTrailField.swift */ = {isa = PBXFileReference; lastKnownFileType = sourcecode.swift; path = DotTrailField.swift; sourceTree = "<group>"; };
		D11C8938F3E181C834518A1E /* EmberHullTexture.swift */ = {isa = PBXFileReference; lastKnownFileType = sourcecode.swift; path = EmberHullTexture.swift; sourceTree = "<group>"; };
		A72236B59DF3D6E4C9BD6DAC /* FilamentWake.swift */ = {isa = PBXFileReference; lastKnownFileType = sourcecode.swift; path = FilamentWake.swift; sourceTree = "<group>"; };
		5B5C5C5EB5E34A7E9CC87E59 /* FlickerHullTexture.swift */ = {isa = PBXFileReference; lastKnownFileType = sourcecode.swift; path = FlickerHullTexture.swift; sourceTree = "<group>"; };
		8B1F87CDBF2878FCB1110BBF /* FocusHullTexture.swift */ = {isa = PBXFileReference; lastKnownFileType = sourcecode.swift; path = FocusHullTexture.swift; sourceTree = "<group>"; };
		DE63D3C30F03D30BDE964423 /* HairlineTrailNode.swift */ = {isa = PBXFileReference; lastKnownFileType = sourcecode.swift; path = HairlineTrailNode.swift; sourceTree = "<group>"; };
		2D76F3DFEFEEEA56723C1AC2 /* HullPaths.swift */ = {isa = PBXFileReference; lastKnownFileType = sourcecode.swift; path = HullPaths.swift; sourceTree = "<group>"; };
		461C0310AC4F6BDE768929D5 /* LiveHullCanvas.swift */ = {isa = PBXFileReference; lastKnownFileType = sourcecode.swift; path = LiveHullCanvas.swift; sourceTree = "<group>"; };
		B1AE86AA443D77F5496AC1B0 /* LiveHullNode.swift */ = {isa = PBXFileReference; lastKnownFileType = sourcecode.swift; path = LiveHullNode.swift; sourceTree = "<group>"; };
		0B8D430D136115325582D7AB /* LiveHullPaint.swift */ = {isa = PBXFileReference; lastKnownFileType = sourcecode.swift; path = LiveHullPaint.swift; sourceTree = "<group>"; };
		4C1A28A938DFEA8932A3FFDD /* ParticleWakeField.swift */ = {isa = PBXFileReference; lastKnownFileType = sourcecode.swift; path = ParticleWakeField.swift; sourceTree = "<group>"; };
		628FF1116246728150EFF6C1 /* PlayScene.swift */ = {isa = PBXFileReference; lastKnownFileType = sourcecode.swift; path = PlayScene.swift; sourceTree = "<group>"; };
		6D9C2266E5757995489D1B37 /* PooledSpriteField.swift */ = {isa = PBXFileReference; lastKnownFileType = sourcecode.swift; path = PooledSpriteField.swift; sourceTree = "<group>"; };
		C78C3E515B75F5AFACA0EA5F /* PopupField.swift */ = {isa = PBXFileReference; lastKnownFileType = sourcecode.swift; path = PopupField.swift; sourceTree = "<group>"; };
		79154F051600D3126EA7B3B2 /* PreviewWakePaint.swift */ = {isa = PBXFileReference; lastKnownFileType = sourcecode.swift; path = PreviewWakePaint.swift; sourceTree = "<group>"; };
		D070E474B470DF4731D50D19 /* RainbowRibbonNode.swift */ = {isa = PBXFileReference; lastKnownFileType = sourcecode.swift; path = RainbowRibbonNode.swift; sourceTree = "<group>"; };
		E3E76E4E12F12A36B4EF70AD /* RibbonTrailNode.swift */ = {isa = PBXFileReference; lastKnownFileType = sourcecode.swift; path = RibbonTrailNode.swift; sourceTree = "<group>"; };
		E3AD9345F1A7506F51F10FA8 /* SaberHullTexture.swift */ = {isa = PBXFileReference; lastKnownFileType = sourcecode.swift; path = SaberHullTexture.swift; sourceTree = "<group>"; };
		A08F1AACEAD1F7302665377C /* SaberTrailNode.swift */ = {isa = PBXFileReference; lastKnownFileType = sourcecode.swift; path = SaberTrailNode.swift; sourceTree = "<group>"; };
		3E62F68A8A80B0CA06540743 /* SkinRenderer.swift */ = {isa = PBXFileReference; lastKnownFileType = sourcecode.swift; path = SkinRenderer.swift; sourceTree = "<group>"; };
		4C86E4D305ADA4093E92B15C /* SkinTrail.swift */ = {isa = PBXFileReference; lastKnownFileType = sourcecode.swift; path = SkinTrail.swift; sourceTree = "<group>"; };
		3086DB2DBDE0437D9FB98867 /* StreakField.swift */ = {isa = PBXFileReference; lastKnownFileType = sourcecode.swift; path = StreakField.swift; sourceTree = "<group>"; };
		0BF3EE09BC0A83E1CCD6B9EB /* StreakTrailField.swift */ = {isa = PBXFileReference; lastKnownFileType = sourcecode.swift; path = StreakTrailField.swift; sourceTree = "<group>"; };
		C9CD26352D9E9BF57EF5F93F /* TwinDotTrailField.swift */ = {isa = PBXFileReference; lastKnownFileType = sourcecode.swift; path = TwinDotTrailField.swift; sourceTree = "<group>"; };
		100BA74C1B5068784167B2C7 /* WakeCollect.swift */ = {isa = PBXFileReference; lastKnownFileType = sourcecode.swift; path = WakeCollect.swift; sourceTree = "<group>"; };
		D0DEFEAF0418D32247A35E79 /* WhimsicalWakes.swift */ = {isa = PBXFileReference; lastKnownFileType = sourcecode.swift; path = WhimsicalWakes.swift; sourceTree = "<group>"; };
		663AB0D637752E2E501C054E /* Analytics.swift */ = {isa = PBXFileReference; lastKnownFileType = sourcecode.swift; path = Analytics.swift; sourceTree = "<group>"; };
		EE02F61DEB13889396A5CF40 /* NameFilter.swift */ = {isa = PBXFileReference; lastKnownFileType = sourcecode.swift; path = NameFilter.swift; sourceTree = "<group>"; };
		4CF2A213E6AE42A2E237F47E /* ScoreService.swift */ = {isa = PBXFileReference; lastKnownFileType = sourcecode.swift; path = ScoreService.swift; sourceTree = "<group>"; };
		5842A5443CE0BBB83DE597D9 /* CinemaSimulator.swift */ = {isa = PBXFileReference; lastKnownFileType = sourcecode.swift; path = CinemaSimulator.swift; sourceTree = "<group>"; };
		DECBDDDE316344C763EADABE /* CinematicFlight.swift */ = {isa = PBXFileReference; lastKnownFileType = sourcecode.swift; path = CinematicFlight.swift; sourceTree = "<group>"; };
		A5B4487A50892B18E56E9252 /* CombatParity.swift */ = {isa = PBXFileReference; lastKnownFileType = sourcecode.swift; path = CombatParity.swift; sourceTree = "<group>"; };
		7029C3E4F6EB6C97A5F1D611 /* CombatSimulator.swift */ = {isa = PBXFileReference; lastKnownFileType = sourcecode.swift; path = CombatSimulator.swift; sourceTree = "<group>"; };
		B22F7DD72D5CE35B970A8A40 /* FloatPopup.swift */ = {isa = PBXFileReference; lastKnownFileType = sourcecode.swift; path = FloatPopup.swift; sourceTree = "<group>"; };
		0871048511B16134F49F6AC5 /* HazardCollision.swift */ = {isa = PBXFileReference; lastKnownFileType = sourcecode.swift; path = HazardCollision.swift; sourceTree = "<group>"; };
		14D2C43869B699798FD0DFC5 /* ObstacleState.swift */ = {isa = PBXFileReference; lastKnownFileType = sourcecode.swift; path = ObstacleState.swift; sourceTree = "<group>"; };
		08E968961A2E34B9F89BCDDE /* ShipHitbox.swift */ = {isa = PBXFileReference; lastKnownFileType = sourcecode.swift; path = ShipHitbox.swift; sourceTree = "<group>"; };
		394B4BABF977D9B915F6D5C5 /* ShipSimulator.swift */ = {isa = PBXFileReference; lastKnownFileType = sourcecode.swift; path = ShipSimulator.swift; sourceTree = "<group>"; };
		0BDA3D967612F47FA382CB20 /* TrailRingBuffer.swift */ = {isa = PBXFileReference; lastKnownFileType = sourcecode.swift; path = TrailRingBuffer.swift; sourceTree = "<group>"; };
		9B844881344C2CA52B89178C /* WallJelly.swift */ = {isa = PBXFileReference; lastKnownFileType = sourcecode.swift; path = WallJelly.swift; sourceTree = "<group>"; };
		082D090C673D6BD3BAE36892 /* WorldState.swift */ = {isa = PBXFileReference; lastKnownFileType = sourcecode.swift; path = WorldState.swift; sourceTree = "<group>"; };
		49B46362F53342EC376D581E /* SpaceSwooshApp.swift */ = {isa = PBXFileReference; lastKnownFileType = sourcecode.swift; path = SpaceSwooshApp.swift; sourceTree = "<group>"; };
		04E4CF0498F47FCE691777EF /* background.mp3 */ = {isa = PBXFileReference; lastKnownFileType = audio.mp3; path = background.mp3; sourceTree = "<group>"; };
		0FE5527F72ADEF15677E5651 /* crash.mp3 */ = {isa = PBXFileReference; lastKnownFileType = audio.mp3; path = crash.mp3; sourceTree = "<group>"; };
		51B5D45C50CE884B69EF2732 /* crash_with_shield.mp3 */ = {isa = PBXFileReference; lastKnownFileType = audio.mp3; path = crash_with_shield.mp3; sourceTree = "<group>"; };
		2D4D442D32179AD9F6647D05 /* first-boop.mp3 */ = {isa = PBXFileReference; lastKnownFileType = audio.mp3; path = first-boop.mp3; sourceTree = "<group>"; };
		A454456B305E2133E35779D4 /* fuel-low-1.mp3 */ = {isa = PBXFileReference; lastKnownFileType = audio.mp3; path = fuel-low-1.mp3; sourceTree = "<group>"; };
		C9406E09F44124D1AB929D3C /* fuel-low-2.mp3 */ = {isa = PBXFileReference; lastKnownFileType = audio.mp3; path = fuel-low-2.mp3; sourceTree = "<group>"; };
		9116FB1B6BB20AEB5D779E9A /* fuel-low-3.mp3 */ = {isa = PBXFileReference; lastKnownFileType = audio.mp3; path = fuel-low-3.mp3; sourceTree = "<group>"; };
		A05CFF82F2F2783B40DEB35B /* level-1.mp3 */ = {isa = PBXFileReference; lastKnownFileType = audio.mp3; path = level-1.mp3; sourceTree = "<group>"; };
		73E2D0128588C45A1B077A5D /* level-10.mp3 */ = {isa = PBXFileReference; lastKnownFileType = audio.mp3; path = level-10.mp3; sourceTree = "<group>"; };
		27CD586322F2B3B4011D0091 /* level-11.mp3 */ = {isa = PBXFileReference; lastKnownFileType = audio.mp3; path = level-11.mp3; sourceTree = "<group>"; };
		2EB4AFC3D907621E7C56E4DB /* level-12.mp3 */ = {isa = PBXFileReference; lastKnownFileType = audio.mp3; path = level-12.mp3; sourceTree = "<group>"; };
		D45AD4D37B0745DBDFD5FC67 /* level-13.mp3 */ = {isa = PBXFileReference; lastKnownFileType = audio.mp3; path = level-13.mp3; sourceTree = "<group>"; };
		E7862EFABB4A89AF48E40FA5 /* level-14.mp3 */ = {isa = PBXFileReference; lastKnownFileType = audio.mp3; path = level-14.mp3; sourceTree = "<group>"; };
		856637F01056BD9B429BD173 /* level-15.mp3 */ = {isa = PBXFileReference; lastKnownFileType = audio.mp3; path = level-15.mp3; sourceTree = "<group>"; };
		1599AEDF244B16CD10DEDDC5 /* level-16.mp3 */ = {isa = PBXFileReference; lastKnownFileType = audio.mp3; path = level-16.mp3; sourceTree = "<group>"; };
		719507EE0A8C9AD8BE4A99BE /* level-17.mp3 */ = {isa = PBXFileReference; lastKnownFileType = audio.mp3; path = level-17.mp3; sourceTree = "<group>"; };
		D71301632D3AA3F0BDAC610A /* level-18.mp3 */ = {isa = PBXFileReference; lastKnownFileType = audio.mp3; path = level-18.mp3; sourceTree = "<group>"; };
		599723D38FBCD401F1B1DDA0 /* level-19.mp3 */ = {isa = PBXFileReference; lastKnownFileType = audio.mp3; path = level-19.mp3; sourceTree = "<group>"; };
		AA7319778789F238F1CC568C /* level-2.mp3 */ = {isa = PBXFileReference; lastKnownFileType = audio.mp3; path = level-2.mp3; sourceTree = "<group>"; };
		3245AAF34B73C99A79115020 /* level-20.mp3 */ = {isa = PBXFileReference; lastKnownFileType = audio.mp3; path = level-20.mp3; sourceTree = "<group>"; };
		85C73554162A4B0F60FF23DA /* level-21.mp3 */ = {isa = PBXFileReference; lastKnownFileType = audio.mp3; path = level-21.mp3; sourceTree = "<group>"; };
		AA85B788A59F7BA8EC7F5630 /* level-22.mp3 */ = {isa = PBXFileReference; lastKnownFileType = audio.mp3; path = level-22.mp3; sourceTree = "<group>"; };
		DBC6A44CC2727597C54906BC /* level-23.mp3 */ = {isa = PBXFileReference; lastKnownFileType = audio.mp3; path = level-23.mp3; sourceTree = "<group>"; };
		4C731C3E93244277778DB5D1 /* level-24.mp3 */ = {isa = PBXFileReference; lastKnownFileType = audio.mp3; path = level-24.mp3; sourceTree = "<group>"; };
		C9C440407782ED7D92C09B98 /* level-25.mp3 */ = {isa = PBXFileReference; lastKnownFileType = audio.mp3; path = level-25.mp3; sourceTree = "<group>"; };
		F40A1DF337E4F06AB3397B58 /* level-26.mp3 */ = {isa = PBXFileReference; lastKnownFileType = audio.mp3; path = level-26.mp3; sourceTree = "<group>"; };
		DAFD14FFF44626E3FE9C0FFA /* level-27.mp3 */ = {isa = PBXFileReference; lastKnownFileType = audio.mp3; path = level-27.mp3; sourceTree = "<group>"; };
		D91353F846DDF9239377E946 /* level-28.mp3 */ = {isa = PBXFileReference; lastKnownFileType = audio.mp3; path = level-28.mp3; sourceTree = "<group>"; };
		922D3775748CE83167F730AE /* level-29.mp3 */ = {isa = PBXFileReference; lastKnownFileType = audio.mp3; path = level-29.mp3; sourceTree = "<group>"; };
		201DED613D57668380BED714 /* level-3.mp3 */ = {isa = PBXFileReference; lastKnownFileType = audio.mp3; path = level-3.mp3; sourceTree = "<group>"; };
		826C19C78193D0877AEC8389 /* level-30.mp3 */ = {isa = PBXFileReference; lastKnownFileType = audio.mp3; path = level-30.mp3; sourceTree = "<group>"; };
		924A25B5ADE2D6B8640878BE /* level-31.mp3 */ = {isa = PBXFileReference; lastKnownFileType = audio.mp3; path = level-31.mp3; sourceTree = "<group>"; };
		0EFE1B03EC7EC53569662C1C /* level-32.mp3 */ = {isa = PBXFileReference; lastKnownFileType = audio.mp3; path = level-32.mp3; sourceTree = "<group>"; };
		AFB978B218E1174E602C9EC8 /* level-33.mp3 */ = {isa = PBXFileReference; lastKnownFileType = audio.mp3; path = level-33.mp3; sourceTree = "<group>"; };
		AF1F7E08E2CBAB9C3C3FBD19 /* level-34.mp3 */ = {isa = PBXFileReference; lastKnownFileType = audio.mp3; path = level-34.mp3; sourceTree = "<group>"; };
		FA8EAE590BD53FDFF150A03E /* level-35.mp3 */ = {isa = PBXFileReference; lastKnownFileType = audio.mp3; path = level-35.mp3; sourceTree = "<group>"; };
		172F39C680EEB7E9AC7D46DD /* level-36.mp3 */ = {isa = PBXFileReference; lastKnownFileType = audio.mp3; path = level-36.mp3; sourceTree = "<group>"; };
		63A5BC5452B7F8AE9CDCA0ED /* level-37.mp3 */ = {isa = PBXFileReference; lastKnownFileType = audio.mp3; path = level-37.mp3; sourceTree = "<group>"; };
		A8C3984D48E10B1B7C38C9B0 /* level-38.mp3 */ = {isa = PBXFileReference; lastKnownFileType = audio.mp3; path = level-38.mp3; sourceTree = "<group>"; };
		58AD0D64EF663A62F8668D0B /* level-39.mp3 */ = {isa = PBXFileReference; lastKnownFileType = audio.mp3; path = level-39.mp3; sourceTree = "<group>"; };
		EC7EE5E0DDB6BD0A00E740CC /* level-4.mp3 */ = {isa = PBXFileReference; lastKnownFileType = audio.mp3; path = level-4.mp3; sourceTree = "<group>"; };
		F1D386D3803B549CF94F95A5 /* level-40.mp3 */ = {isa = PBXFileReference; lastKnownFileType = audio.mp3; path = level-40.mp3; sourceTree = "<group>"; };
		EC7CE0EC5CC2044066CBAFA2 /* level-5.mp3 */ = {isa = PBXFileReference; lastKnownFileType = audio.mp3; path = level-5.mp3; sourceTree = "<group>"; };
		5D7F1E729AE239430900248C /* level-6.mp3 */ = {isa = PBXFileReference; lastKnownFileType = audio.mp3; path = level-6.mp3; sourceTree = "<group>"; };
		9447B817F635B5AFEDFD31CA /* level-7.mp3 */ = {isa = PBXFileReference; lastKnownFileType = audio.mp3; path = level-7.mp3; sourceTree = "<group>"; };
		A0E381CCCA1938230FAC4AB6 /* level-8.mp3 */ = {isa = PBXFileReference; lastKnownFileType = audio.mp3; path = level-8.mp3; sourceTree = "<group>"; };
		E58A8DE644B2E90AA119CFE7 /* level-9.mp3 */ = {isa = PBXFileReference; lastKnownFileType = audio.mp3; path = level-9.mp3; sourceTree = "<group>"; };
		E37ADA05BD016A6CFBFB4689 /* shield.mp3 */ = {isa = PBXFileReference; lastKnownFileType = audio.mp3; path = shield.mp3; sourceTree = "<group>"; };
		595DAC36E765EC2C271301EF /* swoosh-voice.mp3 */ = {isa = PBXFileReference; lastKnownFileType = audio.mp3; path = swoosh-voice.mp3; sourceTree = "<group>"; };
		3432A251E54ECD860C6E5906 /* turn.mp3 */ = {isa = PBXFileReference; lastKnownFileType = audio.mp3; path = turn.mp3; sourceTree = "<group>"; };
		827114B874C9BEB00130DE7A /* SpaceGrotesk-Bold.ttf */ = {isa = PBXFileReference; lastKnownFileType = font.ttf; path = SpaceGrotesk-Bold.ttf; sourceTree = "<group>"; };
		3F5FD29250F5F8B5730EDD7C /* SpaceGrotesk-Medium.ttf */ = {isa = PBXFileReference; lastKnownFileType = font.ttf; path = SpaceGrotesk-Medium.ttf; sourceTree = "<group>"; };
		4BB453354C3DCF1214B5020A /* SpaceMono-Bold.ttf */ = {isa = PBXFileReference; lastKnownFileType = font.ttf; path = SpaceMono-Bold.ttf; sourceTree = "<group>"; };
		77250E0D78DB6FD5494F928D /* SpaceMono-Regular.ttf */ = {isa = PBXFileReference; lastKnownFileType = font.ttf; path = SpaceMono-Regular.ttf; sourceTree = "<group>"; };
		16E09E6EAEF6689E81279D8C /* Info.plist */ = {isa = PBXFileReference; lastKnownFileType = text.plist.xml; path = Info.plist; sourceTree = "<group>"; };
		5D52EF9D75FAE68006CE0775 /* PrivacyInfo.xcprivacy */ = {isa = PBXFileReference; lastKnownFileType = text.plist.xml; path = PrivacyInfo.xcprivacy; sourceTree = "<group>"; };
		4A8052E7A4903C84E5D39FF9 /* GoogleService-Info.plist */ = {isa = PBXFileReference; lastKnownFileType = text.plist.xml; path = GoogleService-Info.plist; sourceTree = "<group>"; };
		32BB636196F91ED59D7A4919 /* Assets.xcassets */ = {isa = PBXFileReference; lastKnownFileType = folder.assetcatalog; path = Assets.xcassets; sourceTree = "<group>"; };
/* End PBXFileReference section */

/* Begin PBXFrameworksBuildPhase section */
		4F6F5CC3FCCF73F75AE9CCF4 /* Frameworks */ = {
			isa = PBXFrameworksBuildPhase;
			buildActionMask = 2147483647;
			files = (
				D394EA9CF61472467E5BBB2B /* FirebaseAnalyticsWithoutAdIdSupport in Frameworks */,
			);
			runOnlyForDeploymentPostprocessing = 0;
		};
/* End PBXFrameworksBuildPhase section */

/* Begin PBXGroup section */
		8D3FC6DB5D0827F168A73277 = {
			isa = PBXGroup;
			children = (
				3AF967F00F17B2E139B1D760 /* SpaceSwoosh */,
				1BADDC1D73C1A20F347483E1 /* Products */,
			);
			sourceTree = "<group>";
		};
		1BADDC1D73C1A20F347483E1 /* Products */ = {
			isa = PBXGroup;
			children = (
				71CCD365E3A654DA84DBA191 /* SpaceSwoosh.app */,
			);
			name = Products;
			sourceTree = "<group>";
		};
		3AF967F00F17B2E139B1D760 /* SpaceSwoosh */ = {
			isa = PBXGroup;
			children = (
				49B46362F53342EC376D581E,
				16E09E6EAEF6689E81279D8C,
				5D52EF9D75FAE68006CE0775,
				4A8052E7A4903C84E5D39FF9,
				32BB636196F91ED59D7A4919,
				F327074CB480E367B08EDFC1,
				420455E087BAFCC49D994517,
				2943659BE7AAEF2C8E136D43,
				1B204731A97A34BC07EF19F4,
				BA4BEFAE096B7347A769FCF4,
				C12156954CE41A675D560E64,
				6BB6D1839E25C9B48655515C,
				7A53088F23F6C3A754BB45A6,
				0C9AF417F2AD255E43B44FCC,
				F5B3BEE6E32F0D2A799F98BE,
			);
			path = SpaceSwoosh;
			sourceTree = "<group>";
		};
		F327074CB480E367B08EDFC1 /* App */ = {
			isa = PBXGroup;
			children = (
				8B4D8F969D08F5398B379BC3,
				D9DBC28E3579231DC1FCFD4B,
				8FA139AC5EAE9BEE9E03B44C,
				1A837B3027E02E529D54B2E9,
				AE284E9C2D2EA4ED6CC2F8AD,
				03725D373B92D3A81A621CB7,
				1214CFA3FC1ED1CE5E2EA394,
				B67BC9E89402CCE9ECA03A16,
				F8731093D35B65890AC3B94D,
				1F2C40BA6C5A4E305B4E6B12,
				81B78C3CBC76324FAFD2BE4C,
				91EF4487AD20665DDAEBF98F,
				2D5D3E7364B3AEE86362AF9D,
				B06FE9F51F1D236A8CB30308,
			);
			path = App;
			sourceTree = "<group>";
		};
		420455E087BAFCC49D994517 /* Audio */ = {
			isa = PBXGroup;
			children = (
				B552E4E28B52F7F536B45C50,
				A387EF898151927984771A73,
				E9BA70A150419A4AB36C6777,
				9EEFD56E50FD27D345126C2E,
				BA7186B18F3FBD7B8CEF1EE4,
			);
			path = Audio;
			sourceTree = "<group>";
		};
		2943659BE7AAEF2C8E136D43 /* Brand */ = {
			isa = PBXGroup;
			children = (
				AC21AD8621FC6186FEF98E79,
				0B19E3A07C7916B4007E8E0C,
			);
			path = Brand;
			sourceTree = "<group>";
		};
		1B204731A97A34BC07EF19F4 /* Core */ = {
			isa = PBXGroup;
			children = (
				C6EA96BFCECAE6E841B49379,
				8F074AE096BE5B92769FA492,
				C680DE1D2E9D0A52140D7847,
				6A886B9C134FE88D37B990C7,
				C92BD8675A04394000750555,
				959FF83B7DE02EDE3EC8F455,
				C8E0F735C720F0F3A9011E17,
				EC76A2BA5E819E3790D06EC6,
			);
			path = Core;
			sourceTree = "<group>";
		};
		BA4BEFAE096B7347A769FCF4 /* Fonts */ = {
			isa = PBXGroup;
			children = (
				827114B874C9BEB00130DE7A,
				3F5FD29250F5F8B5730EDD7C,
				4BB453354C3DCF1214B5020A,
				77250E0D78DB6FD5494F928D,
			);
			path = Fonts;
			sourceTree = "<group>";
		};
		C12156954CE41A675D560E64 /* Input */ = {
			isa = PBXGroup;
			children = (
				F90419B24548F3DDF98C2E7E,
			);
			path = Input;
			sourceTree = "<group>";
		};
		6BB6D1839E25C9B48655515C /* Render */ = {
			isa = PBXGroup;
			children = (
				AC91D803627C8826BAD1FB84,
				A4E9BDB4F10C5E20D5CB87DB,
				C79E1E492D2D66EEDAA3D0C5,
				326BAA025A09833C954AB507,
				4BC6A7CB1F9AB22DDD03BA3C,
				D11C8938F3E181C834518A1E,
				A72236B59DF3D6E4C9BD6DAC,
				5B5C5C5EB5E34A7E9CC87E59,
				8B1F87CDBF2878FCB1110BBF,
				DE63D3C30F03D30BDE964423,
				2D76F3DFEFEEEA56723C1AC2,
				461C0310AC4F6BDE768929D5,
				B1AE86AA443D77F5496AC1B0,
				0B8D430D136115325582D7AB,
				4C1A28A938DFEA8932A3FFDD,
				628FF1116246728150EFF6C1,
				6D9C2266E5757995489D1B37,
				C78C3E515B75F5AFACA0EA5F,
				79154F051600D3126EA7B3B2,
				D070E474B470DF4731D50D19,
				E3E76E4E12F12A36B4EF70AD,
				E3AD9345F1A7506F51F10FA8,
				A08F1AACEAD1F7302665377C,
				3E62F68A8A80B0CA06540743,
				4C86E4D305ADA4093E92B15C,
				3086DB2DBDE0437D9FB98867,
				0BF3EE09BC0A83E1CCD6B9EB,
				C9CD26352D9E9BF57EF5F93F,
				100BA74C1B5068784167B2C7,
				D0DEFEAF0418D32247A35E79,
			);
			path = Render;
			sourceTree = "<group>";
		};
		7A53088F23F6C3A754BB45A6 /* Services */ = {
			isa = PBXGroup;
			children = (
				663AB0D637752E2E501C054E,
				EE02F61DEB13889396A5CF40,
				4CF2A213E6AE42A2E237F47E,
			);
			path = Services;
			sourceTree = "<group>";
		};
		0C9AF417F2AD255E43B44FCC /* Sim */ = {
			isa = PBXGroup;
			children = (
				5842A5443CE0BBB83DE597D9,
				DECBDDDE316344C763EADABE,
				A5B4487A50892B18E56E9252,
				7029C3E4F6EB6C97A5F1D611,
				B22F7DD72D5CE35B970A8A40,
				0871048511B16134F49F6AC5,
				14D2C43869B699798FD0DFC5,
				08E968961A2E34B9F89BCDDE,
				394B4BABF977D9B915F6D5C5,
				0BDA3D967612F47FA382CB20,
				9B844881344C2CA52B89178C,
				082D090C673D6BD3BAE36892,
			);
			path = Sim;
			sourceTree = "<group>";
		};
		F5B3BEE6E32F0D2A799F98BE /* Voice */ = {
			isa = PBXGroup;
			children = (
				04E4CF0498F47FCE691777EF,
				0FE5527F72ADEF15677E5651,
				51B5D45C50CE884B69EF2732,
				2D4D442D32179AD9F6647D05,
				A454456B305E2133E35779D4,
				C9406E09F44124D1AB929D3C,
				9116FB1B6BB20AEB5D779E9A,
				A05CFF82F2F2783B40DEB35B,
				73E2D0128588C45A1B077A5D,
				27CD586322F2B3B4011D0091,
				2EB4AFC3D907621E7C56E4DB,
				D45AD4D37B0745DBDFD5FC67,
				E7862EFABB4A89AF48E40FA5,
				856637F01056BD9B429BD173,
				1599AEDF244B16CD10DEDDC5,
				719507EE0A8C9AD8BE4A99BE,
				D71301632D3AA3F0BDAC610A,
				599723D38FBCD401F1B1DDA0,
				AA7319778789F238F1CC568C,
				3245AAF34B73C99A79115020,
				85C73554162A4B0F60FF23DA,
				AA85B788A59F7BA8EC7F5630,
				DBC6A44CC2727597C54906BC,
				4C731C3E93244277778DB5D1,
				C9C440407782ED7D92C09B98,
				F40A1DF337E4F06AB3397B58,
				DAFD14FFF44626E3FE9C0FFA,
				D91353F846DDF9239377E946,
				922D3775748CE83167F730AE,
				201DED613D57668380BED714,
				826C19C78193D0877AEC8389,
				924A25B5ADE2D6B8640878BE,
				0EFE1B03EC7EC53569662C1C,
				AFB978B218E1174E602C9EC8,
				AF1F7E08E2CBAB9C3C3FBD19,
				FA8EAE590BD53FDFF150A03E,
				172F39C680EEB7E9AC7D46DD,
				63A5BC5452B7F8AE9CDCA0ED,
				A8C3984D48E10B1B7C38C9B0,
				58AD0D64EF663A62F8668D0B,
				EC7EE5E0DDB6BD0A00E740CC,
				F1D386D3803B549CF94F95A5,
				EC7CE0EC5CC2044066CBAFA2,
				5D7F1E729AE239430900248C,
				9447B817F635B5AFEDFD31CA,
				A0E381CCCA1938230FAC4AB6,
				E58A8DE644B2E90AA119CFE7,
				E37ADA05BD016A6CFBFB4689,
				595DAC36E765EC2C271301EF,
				3432A251E54ECD860C6E5906,
			);
			path = Voice;
			sourceTree = "<group>";
		};
/* End PBXGroup section */

/* Begin PBXNativeTarget section */
		42AEFBAE01D2DFD981F7DA7D /* SpaceSwoosh */ = {
			isa = PBXNativeTarget;
			buildConfigurationList = 635EC1FCDBCFB43E5DD8BE7B /* Build configuration list for PBXNativeTarget "SpaceSwoosh" */;
			buildPhases = (
				F2AB5FB218DA8B84623F4557 /* Sources */,
				4F6F5CC3FCCF73F75AE9CCF4 /* Frameworks */,
				55B558C7EF820E6E00E5993B /* Resources */,
				681FC4F07552BA7AD6321F1C /* Inject leaderboard secrets */,
			);
			buildRules = (
			);
			dependencies = (
			);
			name = SpaceSwoosh;
			packageProductDependencies = (
				939A688E2826165CEE753B1E /* FirebaseAnalyticsWithoutAdIdSupport */,
			);
			productName = SpaceSwoosh;
			productReference = 71CCD365E3A654DA84DBA191 /* SpaceSwoosh.app */;
			productType = "com.apple.product-type.application";
		};
/* End PBXNativeTarget section */

/* Begin PBXProject section */
		46F86FAA6BBF9AC94A7E4595 /* Project object */ = {
			isa = PBXProject;
			attributes = {
				BuildIndependentTargetsInParallel = 1;
				LastSwiftUpdateCheck = 1500;
				LastUpgradeCheck = 1500;
			};
			buildConfigurationList = 314BFBDCE2E54CE0E31FB38A /* Build configuration list for PBXProject "SpaceSwoosh" */;
			compatibilityVersion = "Xcode 14.0";
			developmentRegion = en;
			hasScannedForEncodings = 0;
			knownRegions = (
				en,
				Base,
			);
			mainGroup = 8D3FC6DB5D0827F168A73277;
			packageReferences = (
				A35CE04F947432E3D46B59CB /* XCRemoteSwiftPackageReference "firebase-ios-sdk" */,
			);
			productRefGroup = 1BADDC1D73C1A20F347483E1 /* Products */;
			projectDirPath = "";
			projectRoot = "";
			targets = (
				42AEFBAE01D2DFD981F7DA7D /* SpaceSwoosh */,
			);
		};
/* End PBXProject section */

/* Begin PBXResourcesBuildPhase section */
		55B558C7EF820E6E00E5993B /* Resources */ = {
			isa = PBXResourcesBuildPhase;
			buildActionMask = 2147483647;
			files = (
				630079499D908838C6A12464 /* Assets.xcassets in Resources */,
				C3A67159B8F8D98B6A20BAD7 /* PrivacyInfo.xcprivacy in Resources */,
				E6F11AD28494E4EC3AE48B05 /* GoogleService-Info.plist in Resources */,
				4C7EEAAAAF9364D664F23B74 /* background.mp3 in Resources */,
				B08AA9A9A4E896C9C5B0AD12 /* crash.mp3 in Resources */,
				43500B02C66488807B05B133 /* crash_with_shield.mp3 in Resources */,
				B95FAC1CDF18116221820286 /* first-boop.mp3 in Resources */,
				D0CE2F09794787EAE9381967 /* fuel-low-1.mp3 in Resources */,
				D8BF8A8D9DA4FF1D72BC8273 /* fuel-low-2.mp3 in Resources */,
				BB47CAD099FF5573129B8592 /* fuel-low-3.mp3 in Resources */,
				556CD86FFD8E59E7D8C8C85D /* level-1.mp3 in Resources */,
				2459B479E767D4114D262849 /* level-10.mp3 in Resources */,
				F7F8C4864F1CF1A89E8BE16F /* level-11.mp3 in Resources */,
				19ADAF250DB90F91360457C6 /* level-12.mp3 in Resources */,
				779ACBC7E79195E215D03314 /* level-13.mp3 in Resources */,
				B7BC4380A124CE310E6D4CEE /* level-14.mp3 in Resources */,
				4E76712D2D6D3C2D97771BCB /* level-15.mp3 in Resources */,
				D2EC00D86C28338F893F99AE /* level-16.mp3 in Resources */,
				305B50DA561A445D045434BE /* level-17.mp3 in Resources */,
				2C008B8C56F8F2FE2741BF36 /* level-18.mp3 in Resources */,
				92840223C9F9993392EC58A6 /* level-19.mp3 in Resources */,
				F3075959AD7316A5AC8EFA44 /* level-2.mp3 in Resources */,
				5438792AE74942A574932481 /* level-20.mp3 in Resources */,
				07349A7878DB838A9E70B730 /* level-21.mp3 in Resources */,
				0DE793A32113AA1E013089D5 /* level-22.mp3 in Resources */,
				B62D9AA7FDE67A34BF3D617F /* level-23.mp3 in Resources */,
				961B03DAA35837369CF5CBEE /* level-24.mp3 in Resources */,
				DEB5688C97629C8694C1BF7E /* level-25.mp3 in Resources */,
				336FFB94EE4917FEDCCF9D61 /* level-26.mp3 in Resources */,
				CB04472FD70A834EEB41FD5A /* level-27.mp3 in Resources */,
				DD6850B34F4B8ABFA0B745F5 /* level-28.mp3 in Resources */,
				53E7EDC101F9341C6A0EF51B /* level-29.mp3 in Resources */,
				DC7A7404A576C3A577308FA9 /* level-3.mp3 in Resources */,
				64092E2A5994551B2917B49A /* level-30.mp3 in Resources */,
				D9CCE4005F5B033CC0822A1D /* level-31.mp3 in Resources */,
				619E229248407D1FE01D0EFA /* level-32.mp3 in Resources */,
				D33B9BAC6454DFAC5795D844 /* level-33.mp3 in Resources */,
				ECB9018EFB12B911D1FF3A03 /* level-34.mp3 in Resources */,
				1F19E6137F5C0F14D0EB274E /* level-35.mp3 in Resources */,
				3B5FC3D241A30DE848D59624 /* level-36.mp3 in Resources */,
				A3453DF7373808F2E5E2132D /* level-37.mp3 in Resources */,
				85B879562D87109E46AEA2BE /* level-38.mp3 in Resources */,
				98622AB758F50351C64A631D /* level-39.mp3 in Resources */,
				67BDB80250A354E1685306F8 /* level-4.mp3 in Resources */,
				AD43C66036B56B40C608A017 /* level-40.mp3 in Resources */,
				DB72D88A6ADF7FF6C6D37030 /* level-5.mp3 in Resources */,
				67E597DBE4843260455D659F /* level-6.mp3 in Resources */,
				23BD2A6BB9BA64763D49340A /* level-7.mp3 in Resources */,
				CE2A2158A362D10448875364 /* level-8.mp3 in Resources */,
				F9A4A4C600A5607A4859DA61 /* level-9.mp3 in Resources */,
				01B5FB914F60E1C252338298 /* shield.mp3 in Resources */,
				C1C68CFFEEE225CF2AA4D608 /* swoosh-voice.mp3 in Resources */,
				CEA8216B9DE1E0F3DFE465E6 /* turn.mp3 in Resources */,
				61AB6CD305A7B4AF2C57BD2F /* SpaceGrotesk-Bold.ttf in Resources */,
				7728435FA543832829472DC2 /* SpaceGrotesk-Medium.ttf in Resources */,
				8837165F70538C3EBF0381E7 /* SpaceMono-Bold.ttf in Resources */,
				376DCDFCB29F5F84D4D78B71 /* SpaceMono-Regular.ttf in Resources */,
			);
			runOnlyForDeploymentPostprocessing = 0;
		};
/* End PBXResourcesBuildPhase section */

/* Begin PBXShellScriptBuildPhase section */
		681FC4F07552BA7AD6321F1C /* Inject leaderboard secrets */ = {
			isa = PBXShellScriptBuildPhase;
			alwaysOutOfDate = 1;
			buildActionMask = 2147483647;
			files = (
			);
			inputFileListPaths = (
			);
			inputPaths = (
			);
			name = "Inject leaderboard secrets";
			outputFileListPaths = (
			);
			outputPaths = (
			);
			runOnlyForDeploymentPostprocessing = 0;
			shellPath = /bin/sh;
			shellScript = "/bin/sh \"${SRCROOT}/scripts/inject-leaderboard-secrets.sh\"\n";
		};
/* End PBXShellScriptBuildPhase section */

/* Begin PBXSourcesBuildPhase section */
		F2AB5FB218DA8B84623F4557 /* Sources */ = {
			isa = PBXSourcesBuildPhase;
			buildActionMask = 2147483647;
			files = (
				9AEDF6A12022CB9FEAD8AD1A /* GameSession.swift in Sources */,
				45A9EB4E3E924C572E352D28 /* HighScoresView.swift in Sources */,
				D87F6D6A44939F7275C24F23 /* HudChrome.swift in Sources */,
				B86EA14028FBC90DFDBAB0D8 /* JourneyMapView.swift in Sources */,
				0698F1EC3408FAF7B8206394 /* JourneyProgress.swift in Sources */,
				387E4C9D3C2773B32778E1D6 /* LogbookProgress.swift in Sources */,
				57522F4EA1FAEE0C484E7F26 /* LogbookView.swift in Sources */,
				228B857F37213D6A8F22B458 /* LoreView.swift in Sources */,
				A71D52CFF0F57BD8876CC481 /* PlayContainerView.swift in Sources */,
				76B30FA206C69BBABB6F0E50 /* RootView.swift in Sources */,
				1D5AADD774FE9B5A34BE940D /* SettingsStore.swift in Sources */,
				57DEF2C27678FDDC5BF3B49B /* ShellChrome.swift in Sources */,
				A8650AF697A4A1EA13560A97 /* ShipPickerView.swift in Sources */,
				0C422989A581B715E79E0B7D /* SubmitScoreView.swift in Sources */,
				C9464BE156D2949BC72778EA /* GameAudioSession.swift in Sources */,
				AA6253922C82E114A08F96A6 /* HapticsService.swift in Sources */,
				972FC16FEAAE1DC4F9438E96 /* MusicPlayer.swift in Sources */,
				EFE745DA4075261482F299F9 /* SfxPlayer.swift in Sources */,
				666DC768E71D2000B62DF5C0 /* VoicePlayer.swift in Sources */,
				83167330DF37E41F6CC3BF2D /* BrandType.swift in Sources */,
				276519B04400881558B3FD9C /* CopyBank.swift in Sources */,
				4A319F5374A235778FC3D43B /* BrandColors.swift in Sources */,
				0E10BBEF02CB137E7C6858C9 /* FixedStepSimulator.swift in Sources */,
				C4AF55705D2EB5771D427307 /* FramePacingMonitor.swift in Sources */,
				44DA51F240B9A608BC47A84E /* GameConfig.swift in Sources */,
				844A9BD8467FB92A8B2D5F9E /* GeneratedJourneyData.swift in Sources */,
				F333921A6C6E71D5DEB96D94 /* JourneyConfig.swift in Sources */,
				EF88BA81CDF6E85BFB66F42A /* RunProfile.swift in Sources */,
				D573C8A863FDFE1BF358F8FE /* SkinCatalog.swift in Sources */,
				74A8A627E67F859E9B14028C /* InputService.swift in Sources */,
				C05DAB3B91F8482E9BC52541 /* BakePipeline.swift in Sources */,
				92E79CE004698D4DA2B5BC83 /* ClassicHullPaint.swift in Sources */,
				2A9DBDAF543C0FF583B54C7F /* ClassicMarkWakes.swift in Sources */,
				92720FF7303BB172088EC616 /* ClassicRibbonWakes.swift in Sources */,
				1951A766F47C28770063B167 /* DotTrailField.swift in Sources */,
				3644335780904EE6C2565370 /* EmberHullTexture.swift in Sources */,
				67F3A2A2369239049433ED8C /* FilamentWake.swift in Sources */,
				94049FACB6E460C54D82E02D /* FlickerHullTexture.swift in Sources */,
				6CC58E4F323B613FC4059927 /* FocusHullTexture.swift in Sources */,
				CFC0FBE38A875674E06B94D3 /* HairlineTrailNode.swift in Sources */,
				C66BA21269DA41FEC8E8C279 /* HullPaths.swift in Sources */,
				E134506DAF588F71E8647326 /* LiveHullCanvas.swift in Sources */,
				6167CD750B9F2D600CFE199E /* LiveHullNode.swift in Sources */,
				4FE69ED5713DE12B691424A0 /* LiveHullPaint.swift in Sources */,
				A54FABDAB8590F267AB57AAA /* ParticleWakeField.swift in Sources */,
				CF973DDF21359D870F91BC09 /* PlayScene.swift in Sources */,
				A197844A9AF883F56B77E7D9 /* PooledSpriteField.swift in Sources */,
				D77FEF9E8E583C3779B852DC /* PopupField.swift in Sources */,
				C9F250C2F610CFB2C8BAB077 /* PreviewWakePaint.swift in Sources */,
				5B55374460EAAF96F24A25F1 /* RainbowRibbonNode.swift in Sources */,
				5056154C4223CC2B0BBAC40D /* RibbonTrailNode.swift in Sources */,
				F52302FDE0B33FD919AB762A /* SaberHullTexture.swift in Sources */,
				90B594154F188E79ED1DC7D3 /* SaberTrailNode.swift in Sources */,
				82658C7EA71442A9ED181262 /* SkinRenderer.swift in Sources */,
				20773CE070F51E806CC34006 /* SkinTrail.swift in Sources */,
				DD6570AA5878F2930B4B32E8 /* StreakField.swift in Sources */,
				78CC8D4D444F7D23344968F3 /* StreakTrailField.swift in Sources */,
				E656B9BE30013B640C35B1E9 /* TwinDotTrailField.swift in Sources */,
				0D874E47B27BCE72D6FFB126 /* WakeCollect.swift in Sources */,
				15D94F104AC4143594E1512C /* WhimsicalWakes.swift in Sources */,
				69BFA1F2CE13B96E27EEB212 /* Analytics.swift in Sources */,
				43365925BDAC80BF14F25256 /* NameFilter.swift in Sources */,
				88C1215844106C8E02B6C338 /* ScoreService.swift in Sources */,
				87F05DD3CEBC401F70208036 /* CinemaSimulator.swift in Sources */,
				5C2B17832616CD38CD93CEED /* CinematicFlight.swift in Sources */,
				EC602C1D0AEFE1B5419EFD70 /* CombatParity.swift in Sources */,
				578C9A7D63FB784D94CAA42D /* CombatSimulator.swift in Sources */,
				0405605E5D39FE9723F9C203 /* FloatPopup.swift in Sources */,
				B8770DBFAFA9F3A4584BA7B0 /* HazardCollision.swift in Sources */,
				DA5811F7E62306EC265C7C22 /* ObstacleState.swift in Sources */,
				DC4BAFF0320792C69EEE8ECF /* ShipHitbox.swift in Sources */,
				E3338132D651209A056FE981 /* ShipSimulator.swift in Sources */,
				F06122FCF81DEBA9DFDF67CC /* TrailRingBuffer.swift in Sources */,
				88E18631C63742802E1DF8C7 /* WallJelly.swift in Sources */,
				1DA440AFA3BE0ED2B88D320C /* WorldState.swift in Sources */,
				091BE23C010931EE6C4F761E /* SpaceSwooshApp.swift in Sources */,
			);
			runOnlyForDeploymentPostprocessing = 0;
		};
/* End PBXSourcesBuildPhase section */

/* Begin XCBuildConfiguration section */
		59233E4D684FB5A1A72525B8 /* Debug */ = {
			isa = XCBuildConfiguration;
			buildSettings = {
				ALWAYS_SEARCH_USER_PATHS = NO;
				CLANG_ENABLE_MODULES = YES;
				COPY_PHASE_STRIP = NO;
				DEBUG_INFORMATION_FORMAT = dwarf;
				GCC_DYNAMIC_NO_PIC = NO;
				IPHONEOS_DEPLOYMENT_TARGET = 17.0;
				ONLY_ACTIVE_ARCH = YES;
				SDKROOT = iphoneos;
				SWIFT_ACTIVE_COMPILATION_CONDITIONS = DEBUG;
				SWIFT_OPTIMIZATION_LEVEL = "-Onone";
			};
			name = Debug;
		};
		8D5ED1041709BB7FC1DE2B10 /* Release */ = {
			isa = XCBuildConfiguration;
			buildSettings = {
				ALWAYS_SEARCH_USER_PATHS = NO;
				CLANG_ENABLE_MODULES = YES;
				COPY_PHASE_STRIP = NO;
				DEBUG_INFORMATION_FORMAT = "dwarf-with-dsym";
				IPHONEOS_DEPLOYMENT_TARGET = 17.0;
				SDKROOT = iphoneos;
				SWIFT_COMPILATION_MODE = wholemodule;
				VALIDATE_PRODUCT = YES;
			};
			name = Release;
		};
		7BA3C016E0B5B57210B31A9D /* Debug */ = {
			isa = XCBuildConfiguration;
			buildSettings = {
				ASSETCATALOG_COMPILER_APPICON_NAME = AppIcon;
				CODE_SIGN_STYLE = Automatic;
				CURRENT_PROJECT_VERSION = 13;
				DEVELOPMENT_TEAM = "";
				GENERATE_INFOPLIST_FILE = NO;
				INFOPLIST_FILE = SpaceSwoosh/Info.plist;
				LD_RUNPATH_SEARCH_PATHS = (
					"$(inherited)",
					"@executable_path/Frameworks",
				);
				MARKETING_VERSION = 1.0.0;
				OTHER_LDFLAGS = (
					"$(inherited)",
					"-ObjC",
				);
				PRODUCT_BUNDLE_IDENTIFIER = com.orbi.spaceswoosh;
				PRODUCT_NAME = "$(TARGET_NAME)";
				SWIFT_VERSION = 5.0;
				TARGETED_DEVICE_FAMILY = "1,2";
				VERSIONING_SYSTEM = "apple-generic";
			};
			name = Debug;
		};
		47D53771281D97E3FA007F14 /* Release */ = {
			isa = XCBuildConfiguration;
			buildSettings = {
				ASSETCATALOG_COMPILER_APPICON_NAME = AppIcon;
				CODE_SIGN_STYLE = Automatic;
				CURRENT_PROJECT_VERSION = 13;
				DEVELOPMENT_TEAM = "";
				GENERATE_INFOPLIST_FILE = NO;
				INFOPLIST_FILE = SpaceSwoosh/Info.plist;
				LD_RUNPATH_SEARCH_PATHS = (
					"$(inherited)",
					"@executable_path/Frameworks",
				);
				MARKETING_VERSION = 1.0.0;
				OTHER_LDFLAGS = (
					"$(inherited)",
					"-ObjC",
				);
				PRODUCT_BUNDLE_IDENTIFIER = com.orbi.spaceswoosh;
				PRODUCT_NAME = "$(TARGET_NAME)";
				SWIFT_VERSION = 5.0;
				TARGETED_DEVICE_FAMILY = "1,2";
				VERSIONING_SYSTEM = "apple-generic";
			};
			name = Release;
		};
/* End XCBuildConfiguration section */

/* Begin XCConfigurationList section */
		314BFBDCE2E54CE0E31FB38A /* Build configuration list for PBXProject "SpaceSwoosh" */ = {
			isa = XCConfigurationList;
			buildConfigurations = (
				59233E4D684FB5A1A72525B8 /* Debug */,
				8D5ED1041709BB7FC1DE2B10 /* Release */,
			);
			defaultConfigurationIsVisible = 0;
			defaultConfigurationName = Release;
		};
		635EC1FCDBCFB43E5DD8BE7B /* Build configuration list for PBXNativeTarget "SpaceSwoosh" */ = {
			isa = XCConfigurationList;
			buildConfigurations = (
				7BA3C016E0B5B57210B31A9D /* Debug */,
				47D53771281D97E3FA007F14 /* Release */,
			);
			defaultConfigurationIsVisible = 0;
			defaultConfigurationName = Release;
		};
/* End XCConfigurationList section */

/* Begin XCRemoteSwiftPackageReference section */
		A35CE04F947432E3D46B59CB /* XCRemoteSwiftPackageReference "firebase-ios-sdk" */ = {
			isa = XCRemoteSwiftPackageReference;
			repositoryURL = "https://github.com/firebase/firebase-ios-sdk.git";
			requirement = {
				kind = upToNextMajorVersion;
				minimumVersion = 12.17.0;
			};
		};
/* End XCRemoteSwiftPackageReference section */

/* Begin XCSwiftPackageProductDependency section */
		939A688E2826165CEE753B1E /* FirebaseAnalyticsWithoutAdIdSupport */ = {
			isa = XCSwiftPackageProductDependency;
			package = A35CE04F947432E3D46B59CB /* XCRemoteSwiftPackageReference "firebase-ios-sdk" */;
			productName = FirebaseAnalyticsWithoutAdIdSupport;
		};
/* End XCSwiftPackageProductDependency section */
	};
	rootObject = 46F86FAA6BBF9AC94A7E4595 /* Project object */;
}
